// !$*UTF8*$!
{
	archiveVersion = 1;
	classes = {
	};
	objectVersion = 50;
	objects = {

/* Begin PBXBuildFile section */
		B19A386A260D1788005F756E /* AppDelegate.swift in Sources */ = {isa = PBXBuildFile; fileRef = B19A3869260D1788005F756E /* AppDelegate.swift */; };
		B19A386C260D1788005F756E /* SceneDelegate.swift in Sources */ = {isa = PBXBuildFile; fileRef = B19A386B260D1788005F756E /* SceneDelegate.swift */; };
		B19A386E260D1788005F756E /* MemeEditorViewController.swift in Sources */ = {isa = PBXBuildFile; fileRef = B19A386D260D1788005F756E /* MemeEditorViewController.swift */; };
		B19A3871260D1788005F756E /* Main.storyboard in Resources */ = {isa = PBXBuildFile; fileRef = B19A386F260D1788005F756E /* Main.storyboard */; };
		B19A3873260D178B005F756E /* Assets.xcassets in Resources */ = {isa = PBXBuildFile; fileRef = B19A3872260D178B005F756E /* Assets.xcassets */; };
		B19A3876260D178B005F756E /* LaunchScreen.storyboard in Resources */ = {isa = PBXBuildFile; fileRef = B19A3874260D178B005F756E /* LaunchScreen.storyboard */; };
		B19A388426124746005F756E /* memeModal.swift in Sources */ = {isa = PBXBuildFile; fileRef = B19A388326124746005F756E /* memeModal.swift */; };
		B1A812A8261760DC005C9A0B /* MemeTableViewController.swift in Sources */ = {isa = PBXBuildFile; fileRef = B1A812A7261760DC005C9A0B /* MemeTableViewController.swift */; };
		B1A812AD261769CD005C9A0B /* MemeDetailViewController.swift in Sources */ = {isa = PBXBuildFile; fileRef = B1A812AC261769CD005C9A0B /* MemeDetailViewController.swift */; };
		B1A812BB261781D6005C9A0B /* MemeCollectionViewController.swift in Sources */ = {isa = PBXBuildFile; fileRef = B1A812BA261781D6005C9A0B /* MemeCollectionViewController.swift */; };
		B1A812C126178B7F005C9A0B /* MemeCollectionViewCell.swift in Sources */ = {isa = PBXBuildFile; fileRef = B1A812C026178B7F005C9A0B /* MemeCollectionViewCell.swift */; };
/* End PBXBuildFile section */

/* Begin PBXFileReference section */
		B19A3866260D1788005F756E /* MemeMe.app */ = {isa = PBXFileReference; explicitFileType = wrapper.application; includeInIndex = 0; path = MemeMe.app; sourceTree = BUILT_PRODUCTS_DIR; };
		B19A3869260D1788005F756E /* AppDelegate.swift */ = {isa = PBXFileReference; lastKnownFileType = sourcecode.swift; path = AppDelegate.swift; sourceTree = "<group>"; };
		B19A386B260D1788005F756E /* SceneDelegate.swift */ = {isa = PBXFileReference; lastKnownFileType = sourcecode.swift; path = SceneDelegate.swift; sourceTree = "<group>"; };
		B19A386D260D1788005F756E /* MemeEditorViewController.swift */ = {isa = PBXFileReference; lastKnownFileType = sourcecode.swift; path = MemeEditorViewController.swift; sourceTree = "<group>"; };
		B19A3870260D1788005F756E /* Base */ = {isa = PBXFileReference; lastKnownFileType = file.storyboard; name = Base; path = Base.lproj/Main.storyboard; sourceTree = "<group>"; };
		B19A3872260D178B005F756E /* Assets.xcassets */ = {isa = PBXFileReference; lastKnownFileType = folder.assetcatalog; path = Assets.xcassets; sourceTree = "<group>"; };
		B19A3875260D178B005F756E /* Base */ = {isa = PBXFileReference; lastKnownFileType = file.storyboard; name = Base; path = Base.lproj/LaunchScreen.storyboard; sourceTree = "<group>"; };
		B19A3877260D178B005F756E /* Info.plist */ = {isa = PBXFileReference; lastKnownFileType = text.plist.xml; path = Info.plist; sourceTree = "<group>"; };
		B19A388326124746005F756E /* memeModal.swift */ = {isa = PBXFileReference; lastKnownFileType = sourcecode.swift; path = memeModal.swift; sourceTree = "<group>"; };
		B1A812A7261760DC005C9A0B /* MemeTableViewController.swift */ = {isa = PBXFileReference; lastKnownFileType = sourcecode.swift; path = MemeTableViewController.swift; sourceTree = "<group>"; };
		B1A812AC261769CD005C9A0B /* MemeDetailViewController.swift */ = {isa = PBXFileReference; lastKnownFileType = sourcecode.swift; path = MemeDetailViewController.swift; sourceTree = "<group>"; };
		B1A812BA261781D6005C9A0B /* MemeCollectionViewController.swift */ = {isa = PBXFileReference; lastKnownFileType = sourcecode.swift; path = MemeCollectionViewController.swift; sourceTree = "<group>"; };
		B1A812C026178B7F005C9A0B /* MemeCollectionViewCell.swift */ = {isa = PBXFileReference; lastKnownFileType = sourcecode.swift; path = MemeCollectionViewCell.swift; sourceTree = "<group>"; };
/* End PBXFileReference section */

/* Begin PBXFrameworksBuildPhase section */
		B19A3863260D1788005F756E /* Frameworks */ = {
			isa = PBXFrameworksBuildPhase;
			buildActionMask = 2147483647;
			files = (
			);
			runOnlyForDeploymentPostprocessing = 0;
		};
/* End PBXFrameworksBuildPhase section */

/* Begin PBXGroup section */
		B19A385D260D1788005F756E = {
			isa = PBXGroup;
			children = (
				B19A3868260D1788005F756E /* MemeMe */,
				B19A3867260D1788005F756E /* Products */,
			);
			sourceTree = "<group>";
		};
		B19A3867260D1788005F756E /* Products */ = {
			isa = PBXGroup;
			children = (
				B19A3866260D1788005F756E /* MemeMe.app */,
			);
			name = Products;
			sourceTree = "<group>";
		};
		B19A3868260D1788005F756E /* MemeMe */ = {
			isa = PBXGroup;
			children = (
				B1A812A426175F42005C9A0B /* Model */,
				B1A812A626175F55005C9A0B /* Views */,
				B1A812A526175F4D005C9A0B /* Controllers */,
				B19A386B260D1788005F756E /* SceneDelegate.swift */,
				B19A3872260D178B005F756E /* Assets.xcassets */,
				B19A3874260D178B005F756E /* LaunchScreen.storyboard */,
				B19A3877260D178B005F756E /* Info.plist */,
			);
			path = MemeMe;
			sourceTree = "<group>";
		};
		B1A812A426175F42005C9A0B /* Model */ = {
			isa = PBXGroup;
			children = (
				B19A388326124746005F756E /* memeModal.swift */,
				B19A3869260D1788005F756E /* AppDelegate.swift */,
			);
			path = Model;
			sourceTree = "<group>";
		};
		B1A812A526175F4D005C9A0B /* Controllers */ = {
			isa = PBXGroup;
			children = (
				B19A386D260D1788005F756E /* MemeEditorViewController.swift */,
				B1A812A7261760DC005C9A0B /* MemeTableViewController.swift */,
				B1A812AC261769CD005C9A0B /* MemeDetailViewController.swift */,
				B1A812BA261781D6005C9A0B /* MemeCollectionViewController.swift */,
				B1A812C026178B7F005C9A0B /* MemeCollectionViewCell.swift */,
			);
			path = Controllers;
			sourceTree = "<group>";
		};
		B1A812A626175F55005C9A0B /* Views */ = {
			isa = PBXGroup;
			children = (
				B19A386F260D1788005F756E /* Main.storyboard */,
			);
			path = Views;
			sourceTree = "<group>";
		};
/* End PBXGroup section */

/* Begin PBXNativeTarget section */
		B19A3865260D1788005F756E /* MemeMe */ = {
			isa = PBXNativeTarget;
			buildConfigurationList = B19A387A260D178B005F756E /* Build configuration list for PBXNativeTarget "MemeMe" */;
			buildPhases = (
				B19A3862260D1788005F756E /* Sources */,
				B19A3863260D1788005F756E /* Frameworks */,
				B19A3864260D1788005F756E /* Resources */,
			);
			buildRules = (
			);
			dependencies = (
			);
			name = MemeMe;
			productName = "MemeMe 1.0";
			productReference = B19A3866260D1788005F756E /* MemeMe.app */;
			productType = "com.apple.product-type.application";
		};
/* End PBXNativeTarget section */

/* Begin PBXProject section */
		B19A385E260D1788005F756E /* Project object */ = {
			isa = PBXProject;
			attributes = {
				LastSwiftUpdateCheck = 1240;
				LastUpgradeCheck = 1240;
				TargetAttributes = {
					B19A3865260D1788005F756E = {
						CreatedOnToolsVersion = 12.4;
					};
				};
			};
			buildConfigurationList = B19A3861260D1788005F756E /* Build configuration list for PBXProject "MemeMe" */;
			compatibilityVersion = "Xcode 9.3";
			developmentRegion = en;
			hasScannedForEncodings = 0;
			knownRegions = (
				en,
				Base,
			);
			mainGroup = B19A385D260D1788005F756E;
			productRefGroup = B19A3867260D1788005F756E /* Products */;
			projectDirPath = "";
			projectRoot = "";
			targets = (
				B19A3865260D1788005F756E /* MemeMe */,
			);
		};
/* End PBXProject section */

/* Begin PBXResourcesBuildPhase section */
		B19A3864260D1788005F756E /* Resources */ = {
			isa = PBXResourcesBuildPhase;
			buildActionMask = 2147483647;
			files = (
				B19A3876260D178B005F756E /* LaunchScreen.storyboard in Resources */,
				B19A3873260D178B005F756E /* Assets.xcassets in Resources */,
				B19A3871260D1788005F756E /* Main.storyboard in Resources */,
			);
			runOnlyForDeploymentPostprocessing = 0;
		};
/* End PBXResourcesBuildPhase section */

/* Begin PBXSourcesBuildPhase section */
		B19A3862260D1788005F756E /* Sources */ = {
			isa = PBXSourcesBuildPhase;
			buildActionMask = 2147483647;
			files = (
				B19A386E260D1788005F756E /* MemeEditorViewController.swift in Sources */,
				B19A386A260D1788005F756E /* AppDelegate.swift in Sources */,
				B1A812C126178B7F005C9A0B /* MemeCollectionViewCell.swift in Sources */,
				B19A386C260D1788005F756E /* SceneDelegate.swift in Sources */,
				B1A812AD261769CD005C9A0B /* MemeDetailViewController.swift in Sources */,
				B1A812BB261781D6005C9A0B /* MemeCollectionViewController.swift in Sources */,
				B1A812A8261760DC005C9A0B /* MemeTableViewController.swift in Sources */,
				B19A388426124746005F756E /* memeModal.swift in Sources */,
			);
			runOnlyForDeploymentPostprocessing = 0;
		};
/* End PBXSourcesBuildPhase section */

/* Begin PBXVariantGroup section */
		B19A386F260D1788005F756E /* Main.storyboard */ = {
			isa = PBXVariantGroup;
			children = (
				B19A3870260D1788005F756E /* Base */,
			);
			name = Main.storyboard;
			sourceTree = "<group>";
		};
		B19A3874260D178B005F756E /* LaunchScreen.storyboard */ = {
			isa = PBXVariantGroup;
			children = (
				B19A3875260D178B005F756E /* Base */,
			);
			name = LaunchScreen.storyboard;
			sourceTree = "<group>";
		};
/* End PBXVariantGroup section */

/* Begin XCBuildConfiguration section */
		B19A3878260D178B005F756E /* Debug */ = {
			isa = XCBuildConfiguration;
			buildSettings = {
				ALWAYS_SEARCH_USER_PATHS = NO;
				CLANG_ANALYZER_NONNULL = YES;
				CLANG_ANALYZER_NUMBER_OBJECT_CONVERSION = YES_AGGRESSIVE;
				CLANG_CXX_LANGUAGE_STANDARD = "gnu++14";
				CLANG_CXX_LIBRARY = "libc++";
				CLANG_ENABLE_MODULES = YES;
				CLANG_ENABLE_OBJC_ARC = YES;
				CLANG_ENABLE_OBJC_WEAK = YES;
				CLANG_WARN_BLOCK_CAPTURE_AUTORELEASING = YES;
				CLANG_WARN_BOOL_CONVERSION = YES;
				CLANG_WARN_COMMA = YES;
				CLANG_WARN_CONSTANT_CONVERSION = YES;
				CLANG_WARN_DEPRECATED_OBJC_IMPLEMENTATIONS = YES;
				CLANG_WARN_DIRECT_OBJC_ISA_USAGE = YES_ERROR;
				CLANG_WARN_DOCUMENTATION_COMMENTS = YES;
				CLANG_WARN_EMPTY_BODY = YES;
				CLANG_WARN_ENUM_CONVERSION = YES;
				CLANG_WARN_INFINITE_RECURSION = YES;
				CLANG_WARN_INT_CONVERSION = YES;
				CLANG_WARN_NON_LITERAL_NULL_CONVERSION = YES;
				CLANG_WARN_OBJC_IMPLICIT_RETAIN_SELF = YES;
				CLANG_WARN_OBJC_LITERAL_CONVERSION = YES;
				CLANG_WARN_OBJC_ROOT_CLASS = YES_ERROR;
				CLANG_WARN_QUOTED_INCLUDE_IN_FRAMEWORK_HEADER = YES;
				CLANG_WARN_RANGE_LOOP_ANALYSIS = YES;
				CLANG_WARN_STRICT_PROTOTYPES = YES;
				CLANG_WARN_SUSPICIOUS_MOVE = YES;
				CLANG_WARN_UNGUARDED_AVAILABILITY = YES_AGGRESSIVE;
				CLANG_WARN_UNREACHABLE_CODE = YES;
				CLANG_WARN__DUPLICATE_METHOD_MATCH = YES;
				COPY_PHASE_STRIP = NO;
				DEBUG_INFORMATION_FORMAT = dwarf;
				ENABLE_STRICT_OBJC_MSGSEND = YES;
				ENABLE_TESTABILITY = YES;
				GCC_C_LANGUAGE_STANDARD = gnu11;
				GCC_DYNAMIC_NO_PIC = NO;
				GCC_NO_COMMON_BLOCKS = YES;
				GCC_OPTIMIZATION_LEVEL = 0;
				GCC_PREPROCESSOR_DEFINITIONS = (
					"DEBUG=1",
					"$(inherited)",
				);
				GCC_WARN_64_TO_32_BIT_CONVERSION = YES;
				GCC_WARN_ABOUT_RETURN_TYPE = YES_ERROR;
				GCC_WARN_UNDECLARED_SELECTOR = YES;
				GCC_WARN_UNINITIALIZED_AUTOS = YES_AGGRESSIVE;
				GCC_WARN_UNUSED_FUNCTION = YES;
				GCC_WARN_UNUSED_VARIABLE = YES;
				IPHONEOS_DEPLOYMENT_TARGET = 14.4;
				MTL_ENABLE_DEBUG_INFO = INCLUDE_SOURCE;
				MTL_FAST_MATH = YES;
				ONLY_ACTIVE_ARCH = YES;
				SDKROOT = iphoneos;
				SWIFT_ACTIVE_COMPILATION_CONDITIONS = DEBUG;
				SWIFT_OPTIMIZATION_LEVEL = "-Onone";
			};
			name = Debug;
		};
		B19A3879260D178B005F756E /* Release */ = {
			isa = XCBuildConfiguration;
			buildSettings = {
				ALWAYS_SEARCH_USER_PATHS = NO;
				CLANG_ANALYZER_NONNULL = YES;
				CLANG_ANALYZER_NUMBER_OBJECT_CONVERSION = YES_AGGRESSIVE;
				CLANG_CXX_LANGUAGE_STANDARD = "gnu++14";
				CLANG_CXX_LIBRARY = "libc++";
				CLANG_ENABLE_MODULES = YES;
				CLANG_ENABLE_OBJC_ARC = YES;
				CLANG_ENABLE_OBJC_WEAK = YES;
				CLANG_WARN_BLOCK_CAPTURE_AUTORELEASING = YES;
				CLANG_WARN_BOOL_CONVERSION = YES;
				CLANG_WARN_COMMA = YES;
				CLANG_WARN_CONSTANT_CONVERSION = YES;
				CLANG_WARN_DEPRECATED_OBJC_IMPLEMENTATIONS = YES;
				CLANG_WARN_DIRECT_OBJC_ISA_USAGE = YES_ERROR;
				CLANG_WARN_DOCUMENTATION_COMMENTS = YES;
				CLANG_WARN_EMPTY_BODY = YES;
				CLANG_WARN_ENUM_CONVERSION = YES;
				CLANG_WARN_INFINITE_RECURSION = YES;
				CLANG_WARN_INT_CONVERSION = YES;
				CLANG_WARN_NON_LITERAL_NULL_CONVERSION = YES;
				CLANG_WARN_OBJC_IMPLICIT_RETAIN_SELF = YES;
				CLANG_WARN_OBJC_LITERAL_CONVERSION = YES;
				CLANG_WARN_OBJC_ROOT_CLASS = YES_ERROR;
				CLANG_WARN_QUOTED_INCLUDE_IN_FRAMEWORK_HEADER = YES;
				CLANG_WARN_RANGE_LOOP_ANALYSIS = YES;
				CLANG_WARN_STRICT_PROTOTYPES = YES;
				CLANG_WARN_SUSPICIOUS_MOVE = YES;
				CLANG_WARN_UNGUARDED_AVAILABILITY = YES_AGGRESSIVE;
				CLANG_WARN_UNREACHABLE_CODE = YES;
				CLANG_WARN__DUPLICATE_METHOD_MATCH = YES;
				COPY_PHASE_STRIP = NO;
				DEBUG_INFORMATION_FORMAT = "dwarf-with-dsym";
				ENABLE_NS_ASSERTIONS = NO;
				ENABLE_STRICT_OBJC_MSGSEND = YES;
				GCC_C_LANGUAGE_STANDARD = gnu11;
				GCC_NO_COMMON_BLOCKS = YES;
				GCC_WARN_64_TO_32_BIT_CONVERSION = YES;
				GCC_WARN_ABOUT_RETURN_TYPE = YES_ERROR;
				GCC_WARN_UNDECLARED_SELECTOR = YES;
				GCC_WARN_UNINITIALIZED_AUTOS = YES_AGGRESSIVE;
				GCC_WARN_UNUSED_FUNCTION = YES;
				GCC_WARN_UNUSED_VARIABLE = YES;
				IPHONEOS_DEPLOYMENT_TARGET = 14.4;
				MTL_ENABLE_DEBUG_INFO = NO;
				MTL_FAST_MATH = YES;
				SDKROOT = iphoneos;
				SWIFT_COMPILATION_MODE = wholemodule;
				SWIFT_OPTIMIZATION_LEVEL = "-O";
				VALIDATE_PRODUCT = YES;
			};
			name = Release;
		};
		B19A387B260D178B005F756E /* Debug */ = {
			isa = XCBuildConfiguration;
			buildSettings = {
				ASSETCATALOG_COMPILER_APPICON_NAME = AppIcon;
				ASSETCATALOG_COMPILER_GLOBAL_ACCENT_COLOR_NAME = AccentColor;
				CODE_SIGN_STYLE = Automatic;
				DEVELOPMENT_TEAM = BLQX63456U;
				INFOPLIST_FILE = MemeMe/Info.plist;
				LD_RUNPATH_SEARCH_PATHS = (
					"$(inherited)",
					"@executable_path/Frameworks",
				);
				PRODUCT_BUNDLE_IDENTIFIER = "com.spinarunsal.MemeMe-1-0";
				PRODUCT_NAME = "$(TARGET_NAME)";
				SWIFT_VERSION = 5.0;
				TARGETED_DEVICE_FAMILY = "1,2";
			};
			name = Debug;
		};
		B19A387C260D178B005F756E /* Release */ = {
			isa = XCBuildConfiguration;
			buildSettings = {
				ASSETCATALOG_COMPILER_APPICON_NAME = AppIcon;
				ASSETCATALOG_COMPILER_GLOBAL_ACCENT_COLOR_NAME = AccentColor;
				CODE_SIGN_STYLE = Automatic;
				DEVELOPMENT_TEAM = BLQX63456U;
				INFOPLIST_FILE = MemeMe/Info.plist;
				LD_RUNPATH_SEARCH_PATHS = (
					"$(inherited)",
					"@executable_path/Frameworks",
				);
				PRODUCT_BUNDLE_IDENTIFIER = "com.spinarunsal.MemeMe-1-0";
				PRODUCT_NAME = "$(TARGET_NAME)";
				SWIFT_VERSION = 5.0;
				TARGETED_DEVICE_FAMILY = "1,2";
			};
			name = Release;
		};
/* End XCBuildConfiguration section */

/* Begin XCConfigurationList section */
		B19A3861260D1788005F756E /* Build configuration list for PBXProject "MemeMe" */ = {
			isa = XCConfigurationList;
			buildConfigurations = (
				B19A3878260D178B005F756E /* Debug */,
				B19A3879260D178B005F756E /* Release */,
			);
			defaultConfigurationIsVisible = 0;
			defaultConfigurationName = Release;
		};
		B19A387A260D178B005F756E /* Build configuration list for PBXNativeTarget "MemeMe" */ = {
			isa = XCConfigurationList;
			buildConfigurations = (
				B19A387B260D178B005F756E /* Debug */,
				B19A387C260D178B005F756E /* Release */,
			);
			defaultConfigurationIsVisible = 0;
			defaultConfigurationName = Release;
		};
/* End XCConfigurationList section */
	};
	rootObject = B19A385E260D1788005F756E /* Project object */;
}
